
Microsoft Visual Studio Solution File, Format Version 12.00
# Visual Studio Version 17
VisualStudioVersion = 17.2.32516.85
MinimumVisualStudioVersion = 10.0.40219.1
Project("{FAE04EC0-301F-11D3-BF4B-00C04F79EFBC}") = "TerStegenDomiAplicacion", "TerStegenDomiAplicacion.csproj", "{6AB865BE-822D-4811-9AA3-9F6F619A4E06}"
EndProject
Global
	GlobalSection(SolutionConfigurationPlatforms) = preSolution
		Debug|Any CPU = Debug|Any CPU
		Release|Any CPU = Release|Any CPU
	EndGlobalSection
	GlobalSection(ProjectConfigurationPlatforms) = postSolution
		{6AB865BE-822D-4811-9AA3-9F6F619A4E06}.Debug|Any CPU.ActiveCfg = Debug|Any CPU
		{6AB865BE-822D-4811-9AA3-9F6F619A4E06}.Debug|Any CPU.Build.0 = Debug|Any CPU
		{6AB865BE-822D-4811-9AA3-9F6F619A4E06}.Release|Any CPU.ActiveCfg = Release|Any CPU
		{6AB865BE-822D-4811-9AA3-9F6F619A4E06}.Release|Any CPU.Build.0 = Release|Any CPU
	EndGlobalSection
	GlobalSection(SolutionProperties) = preSolution
		HideSolutionNode = FALSE
	EndGlobalSection
	GlobalSection(ExtensibilityGlobals) = postSolution
		SolutionGuid = {3560AC53-1D7F-4386-BCAD-8FD43FAB84C7}
	EndGlobalSection
EndGlobal
